{
  "name": "@nicearrack/dsh-translator",
  "version": "0.3.0",
  "lockfileVersion": 3,
  "requires": true,
  "packages": {
    "": {
      "name": "@nicearrack/dsh-translator",
      "version": "0.3.0",
      "license": "MIT",
      "dependencies": {
        "@deepseek-ai/cosmokit": "~1.8.6-alpha.1"
      },
      "devDependencies": {
        "@deepseek-ai/schemastery": "~3.18.5-alpha.1"
      },
      "engines": {
        "dsh": ">=0.2.1-alpha.1",
        "node": ">=22.19.0"
      },
      "peerDependencies": {
        "@deepseek-ai/schemastery": "~3.18.5-alpha.1"
      }
    },
    "node_modules/@deepseek-ai/cosmokit": {
      "version": "1.8.6-alpha.1",
      "resolved": "https://registry.npmmirror.com/@deepseek-ai/cosmokit/-/cosmokit-1.8.6-alpha.1.tgz",
      "integrity": "sha512-qtuYVBRu7VrD1jLHvaM5sSShtBVgff/0R5vx57fsHUeeobvvv5TmtnTrs0+h4H263kF3ie25VO70Ija8R1eaow==",
      "license": "MIT"
    },
    "node_modules/@deepseek-ai/schemastery": {
      "version": "3.18.5-alpha.1",
      "resolved": "https://registry.npmmirror.com/@deepseek-ai/schemastery/-/schemastery-3.18.5-alpha.1.tgz",
      "integrity": "sha512-HojoBv1wMQn6N8nDgTgWbc/f4EFAlg/ZsIYN2AChnEDoFOmcWd3+MDzhozNffmywywzV7pcouHRR4x37YZfcjA==",
      "dev": true,
      "license": "MIT",
      "dependencies": {
        "@deepseek-ai/cosmokit": "~1.8.6-alpha.1",
        "@standard-schema/spec": "^1.1.0"
      }
    },
    "node_modules/@standard-schema/spec": {
      "version": "1.1.0",
      "resolved": "https://registry.npmmirror.com/@standard-schema/spec/-/spec-1.1.0.tgz",
      "integrity": "sha512-l2aFy5jALhniG5HgqrD6jXLi/rUWrKvqN/qJx6yoJsgKhblVd+iqqU4RCXavm/jPityDo5TCvKMnpjKnOriy0w==",
      "dev": true,
      "license": "MIT"
    }
  }
}
